// !$*UTF8*$!
{
	archiveVersion = 1;
	classes = {
	};
	objectVersion = 56;
	objects = {

/* Begin PBXBuildFile section */
		93458A8229B7E2B3002082E3 /* main.swift in Sources */ = {isa = PBXBuildFile; fileRef = 93458A8129B7E2B3002082E3 /* main.swift */; };
		93458A8429B7E374002082E3 /* Application.swift in Sources */ = {isa = PBXBuildFile; fileRef = 93458A8329B7E374002082E3 /* Application.swift */; };
		9389073D29B885CF001FEF46 /* ConsoleIO.swift in Sources */ = {isa = PBXBuildFile; fileRef = 9389073C29B885CF001FEF46 /* ConsoleIO.swift */; };
		9389074029B8866C001FEF46 /* OutputType.swift in Sources */ = {isa = PBXBuildFile; fileRef = 9389073F29B8866C001FEF46 /* OutputType.swift */; };
		9389075C29B8A34D001FEF46 /* ConsoleIO.swift in Sources */ = {isa = PBXBuildFile; fileRef = 9389073C29B885CF001FEF46 /* ConsoleIO.swift */; };
		9389076129B8F5E5001FEF46 /* Mode.swift in Sources */ = {isa = PBXBuildFile; fileRef = 9389076029B8F5E5001FEF46 /* Mode.swift */; };
		9389076829B8FE0A001FEF46 /* Mode.swift in Sources */ = {isa = PBXBuildFile; fileRef = 9389076029B8F5E5001FEF46 /* Mode.swift */; };
/* End PBXBuildFile section */

/* Begin PBXCopyFilesBuildPhase section */
		93487AD7298D233A000D803F /* Copy Files */ = {
			isa = PBXCopyFilesBuildPhase;
			buildActionMask = 2147483647;
			dstPath = /usr/share/man/man1/;
			dstSubfolderSpec = 0;
			files = (
			);
			name = "Copy Files";
			runOnlyForDeploymentPostprocessing = 1;
		};
/* End PBXCopyFilesBuildPhase section */

/* Begin PBXFileReference section */
		93458A8129B7E2B3002082E3 /* main.swift */ = {isa = PBXFileReference; fileEncoding = 4; lastKnownFileType = sourcecode.swift; path = main.swift; sourceTree = "<group>"; };
		93458A8329B7E374002082E3 /* Application.swift */ = {isa = PBXFileReference; lastKnownFileType = sourcecode.swift; path = Application.swift; sourceTree = "<group>"; };
		93487AD9298D233A000D803F /* StatisticsApplication */ = {isa = PBXFileReference; explicitFileType = "compiled.mach-o.executable"; includeInIndex = 0; path = StatisticsApplication; sourceTree = BUILT_PRODUCTS_DIR; };
		9389073C29B885CF001FEF46 /* ConsoleIO.swift */ = {isa = PBXFileReference; lastKnownFileType = sourcecode.swift; path = ConsoleIO.swift; sourceTree = "<group>"; };
		9389073F29B8866C001FEF46 /* OutputType.swift */ = {isa = PBXFileReference; lastKnownFileType = sourcecode.swift; path = OutputType.swift; sourceTree = "<group>"; };
		9389075029B89FD2001FEF46 /* StatisticsApplicationTests.xctest */ = {isa = PBXFileReference; explicitFileType = wrapper.cfbundle; includeInIndex = 0; path = StatisticsApplicationTests.xctest; sourceTree = BUILT_PRODUCTS_DIR; };
		9389076029B8F5E5001FEF46 /* Mode.swift */ = {isa = PBXFileReference; lastKnownFileType = sourcecode.swift; path = Mode.swift; sourceTree = "<group>"; };
/* End PBXFileReference section */

/* Begin PBXFrameworksBuildPhase section */
		93487AD6298D233A000D803F /* Frameworks */ = {
			isa = PBXFrameworksBuildPhase;
			buildActionMask = 2147483647;
			files = (
			);
			runOnlyForDeploymentPostprocessing = 0;
		};
		9389074D29B89FD2001FEF46 /* Frameworks */ = {
			isa = PBXFrameworksBuildPhase;
			buildActionMask = 2147483647;
			files = (
			);
			runOnlyForDeploymentPostprocessing = 0;
		};
/* End PBXFrameworksBuildPhase section */

/* Begin PBXGroup section */
		93458A8029B7E2B3002082E3 /* StatisticsApplication */ = {
			isa = PBXGroup;
			children = (
				93458A8129B7E2B3002082E3 /* main.swift */,
				93458A8329B7E374002082E3 /* Application.swift */,
				9389076029B8F5E5001FEF46 /* Mode.swift */,
				9389073E29B8862B001FEF46 /* Console */,
			);
			path = StatisticsApplication;
			sourceTree = "<group>";
		};
		93487AD0298D233A000D803F = {
			isa = PBXGroup;
			children = (
				93458A8029B7E2B3002082E3 /* StatisticsApplication */,
				9389075129B89FD2001FEF46 /* StatisticsApplicationTests */,
				93487ADA298D233A000D803F /* Products */,
			);
			sourceTree = "<group>";
		};
		93487ADA298D233A000D803F /* Products */ = {
			isa = PBXGroup;
			children = (
				93487AD9298D233A000D803F /* StatisticsApplication */,
				9389075029B89FD2001FEF46 /* StatisticsApplicationTests.xctest */,
			);
			name = Products;
			sourceTree = "<group>";
		};
		9389073E29B8862B001FEF46 /* Console */ = {
			isa = PBXGroup;
			children = (
				9389073C29B885CF001FEF46 /* ConsoleIO.swift */,
				9389073F29B8866C001FEF46 /* OutputType.swift */,
			);
			path = Console;
			sourceTree = "<group>";
		};
		9389075129B89FD2001FEF46 /* StatisticsApplicationTests */ = {
			isa = PBXGroup;
			children = (
			);
			path = StatisticsApplicationTests;
			sourceTree = "<group>";
		};
/* End PBXGroup section */

/* Begin PBXNativeTarget section */
		93487AD8298D233A000D803F /* StatisticsApplication */ = {
			isa = PBXNativeTarget;
			buildConfigurationList = 93487AE0298D233A000D803F /* Build configuration list for PBXNativeTarget "StatisticsApplication" */;
			buildPhases = (
				93487AD5298D233A000D803F /* Sources */,
				93487AD6298D233A000D803F /* Frameworks */,
				93487AD7298D233A000D803F /* Copy Files */,
				93487AE6298D86D3000D803F /* SwiftLint */,
				93487AE7298D96D0000D803F /* SwiftFormat */,
			);
			buildRules = (
			);
			dependencies = (
			);
			name = StatisticsApplication;
			productName = StatisticsApplication;
			productReference = 93487AD9298D233A000D803F /* StatisticsApplication */;
			productType = "com.apple.product-type.tool";
		};
		9389074F29B89FD2001FEF46 /* StatisticsApplicationTests */ = {
			isa = PBXNativeTarget;
			buildConfigurationList = 9389075629B89FD2001FEF46 /* Build configuration list for PBXNativeTarget "StatisticsApplicationTests" */;
			buildPhases = (
				9389074C29B89FD2001FEF46 /* Sources */,
				9389074D29B89FD2001FEF46 /* Frameworks */,
				9389074E29B89FD2001FEF46 /* Resources */,
			);
			buildRules = (
			);
			dependencies = (
			);
			name = StatisticsApplicationTests;
			productName = StatisticsApplicationTests;
			productReference = 9389075029B89FD2001FEF46 /* StatisticsApplicationTests.xctest */;
			productType = "com.apple.product-type.bundle.unit-test";
		};
/* End PBXNativeTarget section */

/* Begin PBXProject section */
		93487AD1298D233A000D803F /* Project object */ = {
			isa = PBXProject;
			attributes = {
				BuildIndependentTargetsInParallel = 1;
				LastSwiftUpdateCheck = 1420;
				LastUpgradeCheck = 1420;
				TargetAttributes = {
					93487AD8298D233A000D803F = {
						CreatedOnToolsVersion = 14.2;
					};
					9389074F29B89FD2001FEF46 = {
						CreatedOnToolsVersion = 14.2;
					};
				};
			};
			buildConfigurationList = 93487AD4298D233A000D803F /* Build configuration list for PBXProject "StatisticsApplication" */;
			compatibilityVersion = "Xcode 14.0";
			developmentRegion = en;
			hasScannedForEncodings = 0;
			knownRegions = (
				en,
				Base,
			);
			mainGroup = 93487AD0298D233A000D803F;
			productRefGroup = 93487ADA298D233A000D803F /* Products */;
			projectDirPath = "";
			projectRoot = "";
			targets = (
				93487AD8298D233A000D803F /* StatisticsApplication */,
				9389074F29B89FD2001FEF46 /* StatisticsApplicationTests */,
			);
		};
/* End PBXProject section */

/* Begin PBXResourcesBuildPhase section */
		9389074E29B89FD2001FEF46 /* Resources */ = {
			isa = PBXResourcesBuildPhase;
			buildActionMask = 2147483647;
			files = (
			);
			runOnlyForDeploymentPostprocessing = 0;
		};
/* End PBXResourcesBuildPhase section */

/* Begin PBXShellScriptBuildPhase section */
		93487AE6298D86D3000D803F /* SwiftLint */ = {
			isa = PBXShellScriptBuildPhase;
			alwaysOutOfDate = 1;
			buildActionMask = 12;
			files = (
			);
			inputFileListPaths = (
			);
			inputPaths = (
			);
			name = SwiftLint;
			outputFileListPaths = (
			);
			outputPaths = (
			);
			runOnlyForDeploymentPostprocessing = 0;
			shellPath = /bin/sh;
			shellScript = "export PATH=\"$PATH:/opt/homebrew/bin\"\nif which swiftlint > /dev/null; then\n  swiftlint --config ../.swiftlint.yml\nelse\n  echo \"warning: SwiftLint not installed, download from https://github.com/realm/SwiftLint\"\nfi\n";
		};
		93487AE7298D96D0000D803F /* SwiftFormat */ = {
			isa = PBXShellScriptBuildPhase;
			alwaysOutOfDate = 1;
			buildActionMask = 2147483647;
			files = (
			);
			inputFileListPaths = (
			);
			inputPaths = (
			);
			name = SwiftFormat;
			outputFileListPaths = (
			);
			outputPaths = (
			);
			runOnlyForDeploymentPostprocessing = 0;
			shellPath = /bin/sh;
			shellScript = "export PATH=\"$PATH:/opt/homebrew/bin\"\nif which swiftformat >/dev/null; then\n  swiftformat .\nelse\n  echo \"warning: SwiftFormat not installed, download from https://github.com/nicklockwood/SwiftFormat\"\nfi\n";
		};
/* End PBXShellScriptBuildPhase section */

/* Begin PBXSourcesBuildPhase section */
		93487AD5298D233A000D803F /* Sources */ = {
			isa = PBXSourcesBuildPhase;
			buildActionMask = 2147483647;
			files = (
				9389073D29B885CF001FEF46 /* ConsoleIO.swift in Sources */,
				9389076129B8F5E5001FEF46 /* Mode.swift in Sources */,
				93458A8429B7E374002082E3 /* Application.swift in Sources */,
				9389074029B8866C001FEF46 /* OutputType.swift in Sources */,
				93458A8229B7E2B3002082E3 /* main.swift in Sources */,
			);
			runOnlyForDeploymentPostprocessing = 0;
		};
		9389074C29B89FD2001FEF46 /* Sources */ = {
			isa = PBXSourcesBuildPhase;
			buildActionMask = 2147483647;
			files = (
				9389075C29B8A34D001FEF46 /* ConsoleIO.swift in Sources */,
				9389076829B8FE0A001FEF46 /* Mode.swift in Sources */,
			);
			runOnlyForDeploymentPostprocessing = 0;
		};
/* End PBXSourcesBuildPhase section */

/* Begin XCBuildConfiguration section */
		93487ADE298D233A000D803F /* Debug */ = {
			isa = XCBuildConfiguration;
			buildSettings = {
				ALWAYS_SEARCH_USER_PATHS = NO;
				CLANG_ANALYZER_NONNULL = YES;
				CLANG_ANALYZER_NUMBER_OBJECT_CONVERSION = YES_AGGRESSIVE;
				CLANG_CXX_LANGUAGE_STANDARD = "gnu++20";
				CLANG_ENABLE_MODULES = YES;
				CLANG_ENABLE_OBJC_ARC = YES;
				CLANG_ENABLE_OBJC_WEAK = YES;
				CLANG_WARN_BLOCK_CAPTURE_AUTORELEASING = YES;
				CLANG_WARN_BOOL_CONVERSION = YES;
				CLANG_WARN_COMMA = YES;
				CLANG_WARN_CONSTANT_CONVERSION = YES;
				CLANG_WARN_DEPRECATED_OBJC_IMPLEMENTATIONS = YES;
				CLANG_WARN_DIRECT_OBJC_ISA_USAGE = YES_ERROR;
				CLANG_WARN_DOCUMENTATION_COMMENTS = YES;
				CLANG_WARN_EMPTY_BODY = YES;
				CLANG_WARN_ENUM_CONVERSION = YES;
				CLANG_WARN_INFINITE_RECURSION = YES;
				CLANG_WARN_INT_CONVERSION = YES;
				CLANG_WARN_NON_LITERAL_NULL_CONVERSION = YES;
				CLANG_WARN_OBJC_IMPLICIT_RETAIN_SELF = YES;
				CLANG_WARN_OBJC_LITERAL_CONVERSION = YES;
				CLANG_WARN_OBJC_ROOT_CLASS = YES_ERROR;
				CLANG_WARN_QUOTED_INCLUDE_IN_FRAMEWORK_HEADER = YES;
				CLANG_WARN_RANGE_LOOP_ANALYSIS = YES;
				CLANG_WARN_STRICT_PROTOTYPES = YES;
				CLANG_WARN_SUSPICIOUS_MOVE = YES;
				CLANG_WARN_UNGUARDED_AVAILABILITY = YES_AGGRESSIVE;
				CLANG_WARN_UNREACHABLE_CODE = YES;
				CLANG_WARN__DUPLICATE_METHOD_MATCH = YES;
				COPY_PHASE_STRIP = NO;
				CURRENT_PROJECT_VERSION = 0.1.0;
				DEBUG_INFORMATION_FORMAT = dwarf;
				ENABLE_STRICT_OBJC_MSGSEND = YES;
				ENABLE_TESTABILITY = YES;
				GCC_C_LANGUAGE_STANDARD = gnu11;
				GCC_DYNAMIC_NO_PIC = NO;
				GCC_NO_COMMON_BLOCKS = YES;
				GCC_OPTIMIZATION_LEVEL = 0;
				GCC_PREPROCESSOR_DEFINITIONS = (
					"DEBUG=1",
					"$(inherited)",
				);
				GCC_WARN_64_TO_32_BIT_CONVERSION = YES;
				GCC_WARN_ABOUT_RETURN_TYPE = YES_ERROR;
				GCC_WARN_UNDECLARED_SELECTOR = YES;
				GCC_WARN_UNINITIALIZED_AUTOS = YES_AGGRESSIVE;
				GCC_WARN_UNUSED_FUNCTION = YES;
				GCC_WARN_UNUSED_VARIABLE = YES;
				MACOSX_DEPLOYMENT_TARGET = 13.0;
				MTL_ENABLE_DEBUG_INFO = INCLUDE_SOURCE;
				MTL_FAST_MATH = YES;
				ONLY_ACTIVE_ARCH = YES;
				SDKROOT = macosx;
				SWIFT_ACTIVE_COMPILATION_CONDITIONS = DEBUG;
				SWIFT_OPTIMIZATION_LEVEL = "-Onone";
			};
			name = Debug;
		};
		93487ADF298D233A000D803F /* Release */ = {
			isa = XCBuildConfiguration;
			buildSettings = {
				ALWAYS_SEARCH_USER_PATHS = NO;
				CLANG_ANALYZER_NONNULL = YES;
				CLANG_ANALYZER_NUMBER_OBJECT_CONVERSION = YES_AGGRESSIVE;
				CLANG_CXX_LANGUAGE_STANDARD = "gnu++20";
				CLANG_ENABLE_MODULES = YES;
				CLANG_ENABLE_OBJC_ARC = YES;
				CLANG_ENABLE_OBJC_WEAK = YES;
				CLANG_WARN_BLOCK_CAPTURE_AUTORELEASING = YES;
				CLANG_WARN_BOOL_CONVERSION = YES;
				CLANG_WARN_COMMA = YES;
				CLANG_WARN_CONSTANT_CONVERSION = YES;
				CLANG_WARN_DEPRECATED_OBJC_IMPLEMENTATIONS = YES;
				CLANG_WARN_DIRECT_OBJC_ISA_USAGE = YES_ERROR;
				CLANG_WARN_DOCUMENTATION_COMMENTS = YES;
				CLANG_WARN_EMPTY_BODY = YES;
				CLANG_WARN_ENUM_CONVERSION = YES;
				CLANG_WARN_INFINITE_RECURSION = YES;
				CLANG_WARN_INT_CONVERSION = YES;
				CLANG_WARN_NON_LITERAL_NULL_CONVERSION = YES;
				CLANG_WARN_OBJC_IMPLICIT_RETAIN_SELF = YES;
				CLANG_WARN_OBJC_LITERAL_CONVERSION = YES;
				CLANG_WARN_OBJC_ROOT_CLASS = YES_ERROR;
				CLANG_WARN_QUOTED_INCLUDE_IN_FRAMEWORK_HEADER = YES;
				CLANG_WARN_RANGE_LOOP_ANALYSIS = YES;
				CLANG_WARN_STRICT_PROTOTYPES = YES;
				CLANG_WARN_SUSPICIOUS_MOVE = YES;
				CLANG_WARN_UNGUARDED_AVAILABILITY = YES_AGGRESSIVE;
				CLANG_WARN_UNREACHABLE_CODE = YES;
				CLANG_WARN__DUPLICATE_METHOD_MATCH = YES;
				COPY_PHASE_STRIP = NO;
				CURRENT_PROJECT_VERSION = 0.1.0;
				DEBUG_INFORMATION_FORMAT = "dwarf-with-dsym";
				ENABLE_NS_ASSERTIONS = NO;
				ENABLE_STRICT_OBJC_MSGSEND = YES;
				GCC_C_LANGUAGE_STANDARD = gnu11;
				GCC_NO_COMMON_BLOCKS = YES;
				GCC_WARN_64_TO_32_BIT_CONVERSION = YES;
				GCC_WARN_ABOUT_RETURN_TYPE = YES_ERROR;
				GCC_WARN_UNDECLARED_SELECTOR = YES;
				GCC_WARN_UNINITIALIZED_AUTOS = YES_AGGRESSIVE;
				GCC_WARN_UNUSED_FUNCTION = YES;
				GCC_WARN_UNUSED_VARIABLE = YES;
				MACOSX_DEPLOYMENT_TARGET = 13.0;
				MTL_ENABLE_DEBUG_INFO = NO;
				MTL_FAST_MATH = YES;
				SDKROOT = macosx;
				SWIFT_COMPILATION_MODE = wholemodule;
				SWIFT_OPTIMIZATION_LEVEL = "-O";
			};
			name = Release;
		};
		93487AE1298D233A000D803F /* Debug */ = {
			isa = XCBuildConfiguration;
			buildSettings = {
				CODE_SIGN_STYLE = Automatic;
				CURRENT_PROJECT_VERSION = 0.1.0;
				MACOSX_DEPLOYMENT_TARGET = 13.0;
				PRODUCT_NAME = "$(TARGET_NAME)";
				SWIFT_VERSION = 5.0;
			};
			name = Debug;
		};
		93487AE2298D233A000D803F /* Release */ = {
			isa = XCBuildConfiguration;
			buildSettings = {
				CODE_SIGN_STYLE = Automatic;
				CURRENT_PROJECT_VERSION = 0.1.0;
				MACOSX_DEPLOYMENT_TARGET = 13.0;
				PRODUCT_NAME = "$(TARGET_NAME)";
				SWIFT_VERSION = 5.0;
			};
			name = Release;
		};
		9389075429B89FD2001FEF46 /* Debug */ = {
			isa = XCBuildConfiguration;
			buildSettings = {
				CODE_SIGN_STYLE = Automatic;
				CURRENT_PROJECT_VERSION = 1;
				GENERATE_INFOPLIST_FILE = YES;
				MACOSX_DEPLOYMENT_TARGET = 13.0;
				MARKETING_VERSION = 1.0;
				PRODUCT_NAME = "$(TARGET_NAME)";
				SWIFT_EMIT_LOC_STRINGS = NO;
				SWIFT_VERSION = 5.0;
			};
			name = Debug;
		};
		9389075529B89FD2001FEF46 /* Release */ = {
			isa = XCBuildConfiguration;
			buildSettings = {
				CODE_SIGN_STYLE = Automatic;
				CURRENT_PROJECT_VERSION = 1;
				GENERATE_INFOPLIST_FILE = YES;
				MACOSX_DEPLOYMENT_TARGET = 13.0;
				MARKETING_VERSION = 1.0;
				PRODUCT_NAME = "$(TARGET_NAME)";
				SWIFT_EMIT_LOC_STRINGS = NO;
				SWIFT_VERSION = 5.0;
			};
			name = Release;
		};
/* End XCBuildConfiguration section */

/* Begin XCConfigurationList section */
		93487AD4298D233A000D803F /* Build configuration list for PBXProject "StatisticsApplication" */ = {
			isa = XCConfigurationList;
			buildConfigurations = (
				93487ADE298D233A000D803F /* Debug */,
				93487ADF298D233A000D803F /* Release */,
			);
			defaultConfigurationIsVisible = 0;
			defaultConfigurationName = Release;
		};
		93487AE0298D233A000D803F /* Build configuration list for PBXNativeTarget "StatisticsApplication" */ = {
			isa = XCConfigurationList;
			buildConfigurations = (
				93487AE1298D233A000D803F /* Debug */,
				93487AE2298D233A000D803F /* Release */,
			);
			defaultConfigurationIsVisible = 0;
			defaultConfigurationName = Release;
		};
		9389075629B89FD2001FEF46 /* Build configuration list for PBXNativeTarget "StatisticsApplicationTests" */ = {
			isa = XCConfigurationList;
			buildConfigurations = (
				9389075429B89FD2001FEF46 /* Debug */,
				9389075529B89FD2001FEF46 /* Release */,
			);
			defaultConfigurationIsVisible = 0;
			defaultConfigurationName = Release;
		};
/* End XCConfigurationList section */
	};
	rootObject = 93487AD1298D233A000D803F /* Project object */;
}
