// !$*UTF8*$!
{
	archiveVersion = 1;
	classes = {
	};
	objectVersion = 56;
	objects = {

/* Begin PBXBuildFile section */
		9313B0D329C46172008DD5B8 /* ConsoleIO.swift in Sources */ = {isa = PBXBuildFile; fileRef = 9313B0D229C46172008DD5B8 /* ConsoleIO.swift */; };
		9313B0D729C7100D008DD5B8 /* ConsoleIOWrapper.swift in Sources */ = {isa = PBXBuildFile; fileRef = 9313B0D629C7100D008DD5B8 /* ConsoleIOWrapper.swift */; };
		93548A2429C88C40000F5F1F /* ShoppingList.swift in Sources */ = {isa = PBXBuildFile; fileRef = 93548A2329C88C40000F5F1F /* ShoppingList.swift */; };
		93548A2829C88DD3000F5F1F /* ShoppingList.swift in Sources */ = {isa = PBXBuildFile; fileRef = 93548A2329C88C40000F5F1F /* ShoppingList.swift */; };
		93548A2A29C88DEA000F5F1F /* AddTests.swift in Sources */ = {isa = PBXBuildFile; fileRef = 93548A2929C88DEA000F5F1F /* AddTests.swift */; };
		93548A2C29C88E13000F5F1F /* RemoveTests.swift in Sources */ = {isa = PBXBuildFile; fileRef = 93548A2B29C88E13000F5F1F /* RemoveTests.swift */; };
		93548A2E29C88E29000F5F1F /* RemoveAtTests.swift in Sources */ = {isa = PBXBuildFile; fileRef = 93548A2D29C88E29000F5F1F /* RemoveAtTests.swift */; };
		93548A3029C8FF36000F5F1F /* InMemoryShoppingList.swift in Sources */ = {isa = PBXBuildFile; fileRef = 93548A2F29C8FF36000F5F1F /* InMemoryShoppingList.swift */; };
		93548A3129C8FF3E000F5F1F /* InMemoryShoppingList.swift in Sources */ = {isa = PBXBuildFile; fileRef = 93548A2F29C8FF36000F5F1F /* InMemoryShoppingList.swift */; };
		936FDC5D29C0DFD50001489F /* main.swift in Sources */ = {isa = PBXBuildFile; fileRef = 936FDC5C29C0DFD50001489F /* main.swift */; };
		938D868929D1CEAE0006A5C4 /* Command.swift in Sources */ = {isa = PBXBuildFile; fileRef = 938D868829D1CEAE0006A5C4 /* Command.swift */; };
		938D868B29D1D07F0006A5C4 /* CommandValidator.swift in Sources */ = {isa = PBXBuildFile; fileRef = 938D868A29D1D07F0006A5C4 /* CommandValidator.swift */; };
/* End PBXBuildFile section */

/* Begin PBXCopyFilesBuildPhase section */
		936FDC5729C0DFD50001489F /* CopyFiles */ = {
			isa = PBXCopyFilesBuildPhase;
			buildActionMask = 2147483647;
			dstPath = /usr/share/man/man1/;
			dstSubfolderSpec = 0;
			files = (
			);
			runOnlyForDeploymentPostprocessing = 1;
		};
/* End PBXCopyFilesBuildPhase section */

/* Begin PBXFileReference section */
		9313B0D229C46172008DD5B8 /* ConsoleIO.swift */ = {isa = PBXFileReference; lastKnownFileType = sourcecode.swift; path = ConsoleIO.swift; sourceTree = "<group>"; };
		9313B0D629C7100D008DD5B8 /* ConsoleIOWrapper.swift */ = {isa = PBXFileReference; lastKnownFileType = sourcecode.swift; path = ConsoleIOWrapper.swift; sourceTree = "<group>"; };
		93548A2329C88C40000F5F1F /* ShoppingList.swift */ = {isa = PBXFileReference; lastKnownFileType = sourcecode.swift; path = ShoppingList.swift; sourceTree = "<group>"; };
		93548A2929C88DEA000F5F1F /* AddTests.swift */ = {isa = PBXFileReference; lastKnownFileType = sourcecode.swift; path = AddTests.swift; sourceTree = "<group>"; };
		93548A2B29C88E13000F5F1F /* RemoveTests.swift */ = {isa = PBXFileReference; lastKnownFileType = sourcecode.swift; path = RemoveTests.swift; sourceTree = "<group>"; };
		93548A2D29C88E29000F5F1F /* RemoveAtTests.swift */ = {isa = PBXFileReference; lastKnownFileType = sourcecode.swift; path = RemoveAtTests.swift; sourceTree = "<group>"; };
		93548A2F29C8FF36000F5F1F /* InMemoryShoppingList.swift */ = {isa = PBXFileReference; fileEncoding = 4; lastKnownFileType = sourcecode.swift; path = InMemoryShoppingList.swift; sourceTree = "<group>"; };
		936FDC5929C0DFD50001489F /* ShoppingList */ = {isa = PBXFileReference; explicitFileType = "compiled.mach-o.executable"; includeInIndex = 0; path = ShoppingList; sourceTree = BUILT_PRODUCTS_DIR; };
		936FDC5C29C0DFD50001489F /* main.swift */ = {isa = PBXFileReference; lastKnownFileType = sourcecode.swift; path = main.swift; sourceTree = "<group>"; };
		936FDC6B29C1D6F90001489F /* ShoppingListTests.xctest */ = {isa = PBXFileReference; explicitFileType = wrapper.cfbundle; includeInIndex = 0; path = ShoppingListTests.xctest; sourceTree = BUILT_PRODUCTS_DIR; };
		938D868829D1CEAE0006A5C4 /* Command.swift */ = {isa = PBXFileReference; lastKnownFileType = sourcecode.swift; path = Command.swift; sourceTree = "<group>"; };
		938D868A29D1D07F0006A5C4 /* CommandValidator.swift */ = {isa = PBXFileReference; lastKnownFileType = sourcecode.swift; path = CommandValidator.swift; sourceTree = "<group>"; };
/* End PBXFileReference section */

/* Begin PBXFrameworksBuildPhase section */
		936FDC5629C0DFD50001489F /* Frameworks */ = {
			isa = PBXFrameworksBuildPhase;
			buildActionMask = 2147483647;
			files = (
			);
			runOnlyForDeploymentPostprocessing = 0;
		};
		936FDC6829C1D6F90001489F /* Frameworks */ = {
			isa = PBXFrameworksBuildPhase;
			buildActionMask = 2147483647;
			files = (
			);
			runOnlyForDeploymentPostprocessing = 0;
		};
/* End PBXFrameworksBuildPhase section */

/* Begin PBXGroup section */
		9313B0D829C71357008DD5B8 /* ConsoleIO */ = {
			isa = PBXGroup;
			children = (
				9313B0D229C46172008DD5B8 /* ConsoleIO.swift */,
				9313B0D629C7100D008DD5B8 /* ConsoleIOWrapper.swift */,
			);
			path = ConsoleIO;
			sourceTree = "<group>";
		};
		93548A2229C88BCF000F5F1F /* ShoppingListLogic */ = {
			isa = PBXGroup;
			children = (
				93548A2F29C8FF36000F5F1F /* InMemoryShoppingList.swift */,
				93548A2329C88C40000F5F1F /* ShoppingList.swift */,
			);
			path = ShoppingListLogic;
			sourceTree = "<group>";
		};
		936FDC5029C0DFD50001489F = {
			isa = PBXGroup;
			children = (
				936FDC5B29C0DFD50001489F /* ShoppingList */,
				936FDC6C29C1D6F90001489F /* ShoppingListTests */,
				936FDC5A29C0DFD50001489F /* Products */,
			);
			sourceTree = "<group>";
		};
		936FDC5A29C0DFD50001489F /* Products */ = {
			isa = PBXGroup;
			children = (
				936FDC5929C0DFD50001489F /* ShoppingList */,
				936FDC6B29C1D6F90001489F /* ShoppingListTests.xctest */,
			);
			name = Products;
			sourceTree = "<group>";
		};
		936FDC5B29C0DFD50001489F /* ShoppingList */ = {
			isa = PBXGroup;
			children = (
				936FDC5C29C0DFD50001489F /* main.swift */,
				9313B0D829C71357008DD5B8 /* ConsoleIO */,
				938D868729D1CE540006A5C4 /* CommandValidator */,
				93548A2229C88BCF000F5F1F /* ShoppingListLogic */,
			);
			path = ShoppingList;
			sourceTree = "<group>";
		};
		936FDC6C29C1D6F90001489F /* ShoppingListTests */ = {
			isa = PBXGroup;
			children = (
				93548A2929C88DEA000F5F1F /* AddTests.swift */,
				93548A2B29C88E13000F5F1F /* RemoveTests.swift */,
				93548A2D29C88E29000F5F1F /* RemoveAtTests.swift */,
			);
			path = ShoppingListTests;
			sourceTree = "<group>";
		};
		938D868729D1CE540006A5C4 /* CommandValidator */ = {
			isa = PBXGroup;
			children = (
				938D868829D1CEAE0006A5C4 /* Command.swift */,
				938D868A29D1D07F0006A5C4 /* CommandValidator.swift */,
			);
			path = CommandValidator;
			sourceTree = "<group>";
		};
/* End PBXGroup section */

/* Begin PBXNativeTarget section */
		936FDC5829C0DFD50001489F /* ShoppingList */ = {
			isa = PBXNativeTarget;
			buildConfigurationList = 936FDC6029C0DFD50001489F /* Build configuration list for PBXNativeTarget "ShoppingList" */;
			buildPhases = (
				936FDC5529C0DFD50001489F /* Sources */,
				936FDC5629C0DFD50001489F /* Frameworks */,
				936FDC5729C0DFD50001489F /* CopyFiles */,
				936FDC6529C0E9CB0001489F /* SwiftLint */,
				936FDC6629C0E9F90001489F /* SwiftFormat */,
			);
			buildRules = (
			);
			dependencies = (
			);
			name = ShoppingList;
			productName = ShoppingList;
			productReference = 936FDC5929C0DFD50001489F /* ShoppingList */;
			productType = "com.apple.product-type.tool";
		};
		936FDC6A29C1D6F90001489F /* ShoppingListTests */ = {
			isa = PBXNativeTarget;
			buildConfigurationList = 936FDC7129C1D6F90001489F /* Build configuration list for PBXNativeTarget "ShoppingListTests" */;
			buildPhases = (
				936FDC6729C1D6F90001489F /* Sources */,
				936FDC6829C1D6F90001489F /* Frameworks */,
				936FDC6929C1D6F90001489F /* Resources */,
			);
			buildRules = (
			);
			dependencies = (
			);
			name = ShoppingListTests;
			productName = ShoppingListTests;
			productReference = 936FDC6B29C1D6F90001489F /* ShoppingListTests.xctest */;
			productType = "com.apple.product-type.bundle.unit-test";
		};
/* End PBXNativeTarget section */

/* Begin PBXProject section */
		936FDC5129C0DFD50001489F /* Project object */ = {
			isa = PBXProject;
			attributes = {
				BuildIndependentTargetsInParallel = 1;
				LastSwiftUpdateCheck = 1420;
				LastUpgradeCheck = 1420;
				TargetAttributes = {
					936FDC5829C0DFD50001489F = {
						CreatedOnToolsVersion = 14.2;
					};
					936FDC6A29C1D6F90001489F = {
						CreatedOnToolsVersion = 14.2;
					};
				};
			};
			buildConfigurationList = 936FDC5429C0DFD50001489F /* Build configuration list for PBXProject "ShoppingList" */;
			compatibilityVersion = "Xcode 14.0";
			developmentRegion = en;
			hasScannedForEncodings = 0;
			knownRegions = (
				en,
				Base,
			);
			mainGroup = 936FDC5029C0DFD50001489F;
			productRefGroup = 936FDC5A29C0DFD50001489F /* Products */;
			projectDirPath = "";
			projectRoot = "";
			targets = (
				936FDC5829C0DFD50001489F /* ShoppingList */,
				936FDC6A29C1D6F90001489F /* ShoppingListTests */,
			);
		};
/* End PBXProject section */

/* Begin PBXResourcesBuildPhase section */
		936FDC6929C1D6F90001489F /* Resources */ = {
			isa = PBXResourcesBuildPhase;
			buildActionMask = 2147483647;
			files = (
			);
			runOnlyForDeploymentPostprocessing = 0;
		};
/* End PBXResourcesBuildPhase section */

/* Begin PBXShellScriptBuildPhase section */
		936FDC6529C0E9CB0001489F /* SwiftLint */ = {
			isa = PBXShellScriptBuildPhase;
			alwaysOutOfDate = 1;
			buildActionMask = 2147483647;
			files = (
			);
			inputFileListPaths = (
			);
			inputPaths = (
			);
			name = SwiftLint;
			outputFileListPaths = (
			);
			outputPaths = (
			);
			runOnlyForDeploymentPostprocessing = 0;
			shellPath = /bin/sh;
			shellScript = "export PATH=\"$PATH:/opt/homebrew/bin\"\nif which swiftlint > /dev/null; then\n  swiftlint --config ../.swiftlint.yml\nelse\n  echo \"warning: SwiftLint not installed, download from https://github.com/realm/SwiftLint\"\nfi\n";
		};
		936FDC6629C0E9F90001489F /* SwiftFormat */ = {
			isa = PBXShellScriptBuildPhase;
			alwaysOutOfDate = 1;
			buildActionMask = 2147483647;
			files = (
			);
			inputFileListPaths = (
			);
			inputPaths = (
			);
			name = SwiftFormat;
			outputFileListPaths = (
			);
			outputPaths = (
			);
			runOnlyForDeploymentPostprocessing = 0;
			shellPath = /bin/sh;
			shellScript = "export PATH=\"$PATH:/opt/homebrew/bin\"\nif which swiftformat >/dev/null; then\n  swiftformat .\nelse\n  echo \"warning: SwiftFormat not installed, download from https://github.com/nicklockwood/SwiftFormat\"\nfi\n";
		};
/* End PBXShellScriptBuildPhase section */

/* Begin PBXSourcesBuildPhase section */
		936FDC5529C0DFD50001489F /* Sources */ = {
			isa = PBXSourcesBuildPhase;
			buildActionMask = 2147483647;
			files = (
				936FDC5D29C0DFD50001489F /* main.swift in Sources */,
				93548A2429C88C40000F5F1F /* ShoppingList.swift in Sources */,
				9313B0D329C46172008DD5B8 /* ConsoleIO.swift in Sources */,
				938D868B29D1D07F0006A5C4 /* CommandValidator.swift in Sources */,
				93548A3029C8FF36000F5F1F /* InMemoryShoppingList.swift in Sources */,
				9313B0D729C7100D008DD5B8 /* ConsoleIOWrapper.swift in Sources */,
				938D868929D1CEAE0006A5C4 /* Command.swift in Sources */,
			);
			runOnlyForDeploymentPostprocessing = 0;
		};
		936FDC6729C1D6F90001489F /* Sources */ = {
			isa = PBXSourcesBuildPhase;
			buildActionMask = 2147483647;
			files = (
				93548A2E29C88E29000F5F1F /* RemoveAtTests.swift in Sources */,
				93548A2A29C88DEA000F5F1F /* AddTests.swift in Sources */,
				93548A2C29C88E13000F5F1F /* RemoveTests.swift in Sources */,
				93548A3129C8FF3E000F5F1F /* InMemoryShoppingList.swift in Sources */,
				93548A2829C88DD3000F5F1F /* ShoppingList.swift in Sources */,
			);
			runOnlyForDeploymentPostprocessing = 0;
		};
/* End PBXSourcesBuildPhase section */

/* Begin XCBuildConfiguration section */
		936FDC5E29C0DFD50001489F /* Debug */ = {
			isa = XCBuildConfiguration;
			buildSettings = {
				ALWAYS_SEARCH_USER_PATHS = NO;
				CLANG_ANALYZER_NONNULL = YES;
				CLANG_ANALYZER_NUMBER_OBJECT_CONVERSION = YES_AGGRESSIVE;
				CLANG_CXX_LANGUAGE_STANDARD = "gnu++20";
				CLANG_ENABLE_MODULES = YES;
				CLANG_ENABLE_OBJC_ARC = YES;
				CLANG_ENABLE_OBJC_WEAK = YES;
				CLANG_WARN_BLOCK_CAPTURE_AUTORELEASING = YES;
				CLANG_WARN_BOOL_CONVERSION = YES;
				CLANG_WARN_COMMA = YES;
				CLANG_WARN_CONSTANT_CONVERSION = YES;
				CLANG_WARN_DEPRECATED_OBJC_IMPLEMENTATIONS = YES;
				CLANG_WARN_DIRECT_OBJC_ISA_USAGE = YES_ERROR;
				CLANG_WARN_DOCUMENTATION_COMMENTS = YES;
				CLANG_WARN_EMPTY_BODY = YES;
				CLANG_WARN_ENUM_CONVERSION = YES;
				CLANG_WARN_INFINITE_RECURSION = YES;
				CLANG_WARN_INT_CONVERSION = YES;
				CLANG_WARN_NON_LITERAL_NULL_CONVERSION = YES;
				CLANG_WARN_OBJC_IMPLICIT_RETAIN_SELF = YES;
				CLANG_WARN_OBJC_LITERAL_CONVERSION = YES;
				CLANG_WARN_OBJC_ROOT_CLASS = YES_ERROR;
				CLANG_WARN_QUOTED_INCLUDE_IN_FRAMEWORK_HEADER = YES;
				CLANG_WARN_RANGE_LOOP_ANALYSIS = YES;
				CLANG_WARN_STRICT_PROTOTYPES = YES;
				CLANG_WARN_SUSPICIOUS_MOVE = YES;
				CLANG_WARN_UNGUARDED_AVAILABILITY = YES_AGGRESSIVE;
				CLANG_WARN_UNREACHABLE_CODE = YES;
				CLANG_WARN__DUPLICATE_METHOD_MATCH = YES;
				COPY_PHASE_STRIP = NO;
				CURRENT_PROJECT_VERSION = "";
				DEBUG_INFORMATION_FORMAT = dwarf;
				ENABLE_STRICT_OBJC_MSGSEND = YES;
				ENABLE_TESTABILITY = YES;
				GCC_C_LANGUAGE_STANDARD = gnu11;
				GCC_DYNAMIC_NO_PIC = NO;
				GCC_NO_COMMON_BLOCKS = YES;
				GCC_OPTIMIZATION_LEVEL = 0;
				GCC_PREPROCESSOR_DEFINITIONS = (
					"DEBUG=1",
					"$(inherited)",
				);
				GCC_WARN_64_TO_32_BIT_CONVERSION = YES;
				GCC_WARN_ABOUT_RETURN_TYPE = YES_ERROR;
				GCC_WARN_UNDECLARED_SELECTOR = YES;
				GCC_WARN_UNINITIALIZED_AUTOS = YES_AGGRESSIVE;
				GCC_WARN_UNUSED_FUNCTION = YES;
				GCC_WARN_UNUSED_VARIABLE = YES;
				MACOSX_DEPLOYMENT_TARGET = 13.0;
				MTL_ENABLE_DEBUG_INFO = INCLUDE_SOURCE;
				MTL_FAST_MATH = YES;
				ONLY_ACTIVE_ARCH = YES;
				SDKROOT = macosx;
				SWIFT_ACTIVE_COMPILATION_CONDITIONS = DEBUG;
				SWIFT_OPTIMIZATION_LEVEL = "-Onone";
			};
			name = Debug;
		};
		936FDC5F29C0DFD50001489F /* Release */ = {
			isa = XCBuildConfiguration;
			buildSettings = {
				ALWAYS_SEARCH_USER_PATHS = NO;
				CLANG_ANALYZER_NONNULL = YES;
				CLANG_ANALYZER_NUMBER_OBJECT_CONVERSION = YES_AGGRESSIVE;
				CLANG_CXX_LANGUAGE_STANDARD = "gnu++20";
				CLANG_ENABLE_MODULES = YES;
				CLANG_ENABLE_OBJC_ARC = YES;
				CLANG_ENABLE_OBJC_WEAK = YES;
				CLANG_WARN_BLOCK_CAPTURE_AUTORELEASING = YES;
				CLANG_WARN_BOOL_CONVERSION = YES;
				CLANG_WARN_COMMA = YES;
				CLANG_WARN_CONSTANT_CONVERSION = YES;
				CLANG_WARN_DEPRECATED_OBJC_IMPLEMENTATIONS = YES;
				CLANG_WARN_DIRECT_OBJC_ISA_USAGE = YES_ERROR;
				CLANG_WARN_DOCUMENTATION_COMMENTS = YES;
				CLANG_WARN_EMPTY_BODY = YES;
				CLANG_WARN_ENUM_CONVERSION = YES;
				CLANG_WARN_INFINITE_RECURSION = YES;
				CLANG_WARN_INT_CONVERSION = YES;
				CLANG_WARN_NON_LITERAL_NULL_CONVERSION = YES;
				CLANG_WARN_OBJC_IMPLICIT_RETAIN_SELF = YES;
				CLANG_WARN_OBJC_LITERAL_CONVERSION = YES;
				CLANG_WARN_OBJC_ROOT_CLASS = YES_ERROR;
				CLANG_WARN_QUOTED_INCLUDE_IN_FRAMEWORK_HEADER = YES;
				CLANG_WARN_RANGE_LOOP_ANALYSIS = YES;
				CLANG_WARN_STRICT_PROTOTYPES = YES;
				CLANG_WARN_SUSPICIOUS_MOVE = YES;
				CLANG_WARN_UNGUARDED_AVAILABILITY = YES_AGGRESSIVE;
				CLANG_WARN_UNREACHABLE_CODE = YES;
				CLANG_WARN__DUPLICATE_METHOD_MATCH = YES;
				COPY_PHASE_STRIP = NO;
				CURRENT_PROJECT_VERSION = "";
				DEBUG_INFORMATION_FORMAT = "dwarf-with-dsym";
				ENABLE_NS_ASSERTIONS = NO;
				ENABLE_STRICT_OBJC_MSGSEND = YES;
				GCC_C_LANGUAGE_STANDARD = gnu11;
				GCC_NO_COMMON_BLOCKS = YES;
				GCC_WARN_64_TO_32_BIT_CONVERSION = YES;
				GCC_WARN_ABOUT_RETURN_TYPE = YES_ERROR;
				GCC_WARN_UNDECLARED_SELECTOR = YES;
				GCC_WARN_UNINITIALIZED_AUTOS = YES_AGGRESSIVE;
				GCC_WARN_UNUSED_FUNCTION = YES;
				GCC_WARN_UNUSED_VARIABLE = YES;
				MACOSX_DEPLOYMENT_TARGET = 13.0;
				MTL_ENABLE_DEBUG_INFO = NO;
				MTL_FAST_MATH = YES;
				SDKROOT = macosx;
				SWIFT_COMPILATION_MODE = wholemodule;
				SWIFT_OPTIMIZATION_LEVEL = "-O";
			};
			name = Release;
		};
		936FDC6129C0DFD50001489F /* Debug */ = {
			isa = XCBuildConfiguration;
			buildSettings = {
				CODE_SIGN_STYLE = Automatic;
				CURRENT_PROJECT_VERSION = "";
				MACOSX_DEPLOYMENT_TARGET = 13.0;
				PRODUCT_NAME = "$(TARGET_NAME)";
				SWIFT_VERSION = 5.0;
			};
			name = Debug;
		};
		936FDC6229C0DFD50001489F /* Release */ = {
			isa = XCBuildConfiguration;
			buildSettings = {
				CODE_SIGN_STYLE = Automatic;
				CURRENT_PROJECT_VERSION = "";
				MACOSX_DEPLOYMENT_TARGET = 13.0;
				PRODUCT_NAME = "$(TARGET_NAME)";
				SWIFT_VERSION = 5.0;
			};
			name = Release;
		};
		936FDC6F29C1D6F90001489F /* Debug */ = {
			isa = XCBuildConfiguration;
			buildSettings = {
				CODE_SIGN_STYLE = Automatic;
				CURRENT_PROJECT_VERSION = 1;
				GENERATE_INFOPLIST_FILE = YES;
				MACOSX_DEPLOYMENT_TARGET = 13.0;
				MARKETING_VERSION = 1.0;
				PRODUCT_BUNDLE_IDENTIFIER = marinatihonovich.macos.ShoppingListTests;
				PRODUCT_NAME = "$(TARGET_NAME)";
				SWIFT_EMIT_LOC_STRINGS = NO;
				SWIFT_VERSION = 5.0;
			};
			name = Debug;
		};
		936FDC7029C1D6F90001489F /* Release */ = {
			isa = XCBuildConfiguration;
			buildSettings = {
				CODE_SIGN_STYLE = Automatic;
				CURRENT_PROJECT_VERSION = 1;
				GENERATE_INFOPLIST_FILE = YES;
				MACOSX_DEPLOYMENT_TARGET = 13.0;
				MARKETING_VERSION = 1.0;
				PRODUCT_BUNDLE_IDENTIFIER = marinatihonovich.macos.ShoppingListTests;
				PRODUCT_NAME = "$(TARGET_NAME)";
				SWIFT_EMIT_LOC_STRINGS = NO;
				SWIFT_VERSION = 5.0;
			};
			name = Release;
		};
/* End XCBuildConfiguration section */

/* Begin XCConfigurationList section */
		936FDC5429C0DFD50001489F /* Build configuration list for PBXProject "ShoppingList" */ = {
			isa = XCConfigurationList;
			buildConfigurations = (
				936FDC5E29C0DFD50001489F /* Debug */,
				936FDC5F29C0DFD50001489F /* Release */,
			);
			defaultConfigurationIsVisible = 0;
			defaultConfigurationName = Release;
		};
		936FDC6029C0DFD50001489F /* Build configuration list for PBXNativeTarget "ShoppingList" */ = {
			isa = XCConfigurationList;
			buildConfigurations = (
				936FDC6129C0DFD50001489F /* Debug */,
				936FDC6229C0DFD50001489F /* Release */,
			);
			defaultConfigurationIsVisible = 0;
			defaultConfigurationName = Release;
		};
		936FDC7129C1D6F90001489F /* Build configuration list for PBXNativeTarget "ShoppingListTests" */ = {
			isa = XCConfigurationList;
			buildConfigurations = (
				936FDC6F29C1D6F90001489F /* Debug */,
				936FDC7029C1D6F90001489F /* Release */,
			);
			defaultConfigurationIsVisible = 0;
			defaultConfigurationName = Release;
		};
/* End XCConfigurationList section */
	};
	rootObject = 936FDC5129C0DFD50001489F /* Project object */;
}
